
Microsoft Visual Studio Solution File, Format Version 12.00
# Visual Studio 15
VisualStudioVersion = 15.0.26206.0
MinimumVisualStudioVersion = 10.0.40219.1
Project("{2150E333-8FDC-42A3-9474-1A3956D46DE8}") = "Clients", "Clients", "{1885AE97-D251-4EB6-B517-09961164C154}"
EndProject
Project("{2150E333-8FDC-42A3-9474-1A3956D46DE8}") = "Libs", "Libs", "{05DEB5C8-F660-4EF4-A86B-6C8D53425870}"
EndProject
Project("{2150E333-8FDC-42A3-9474-1A3956D46DE8}") = "Tests", "Tests", "{5E3A9691-B510-408B-84E8-F1A577B594CF}"
EndProject
Project("{2150E333-8FDC-42A3-9474-1A3956D46DE8}") = "LibsTests", "LibsTests", "{09A90ECA-CBBD-488C-B96B-170FA67DBD7F}"
EndProject
Project("{FAE04EC0-301F-11D3-BF4B-00C04F79EFBC}") = "OnlineShop.Libs.Models", "Libs\OnlineShop.Libs.Models\OnlineShop.Libs.Models.csproj", "{E1AC735E-D1E5-4A24-97B5-C8D0493076AF}"
EndProject
Project("{2150E333-8FDC-42A3-9474-1A3956D46DE8}") = "Cover", "Cover", "{EDF49E0B-ED77-4342-80DA-F0738BE3A0D9}"
EndProject
Project("{FAE04EC0-301F-11D3-BF4B-00C04F79EFBC}") = "CoverDependency", "Cover\CoverDependency\CoverDependency.csproj", "{CF378660-BD2F-4693-8888-F817ECDB27E8}"
EndProject
Project("{FAE04EC0-301F-11D3-BF4B-00C04F79EFBC}") = "OnlineShop.Libs.Data", "Libs\OnlineShop.Libs.Data\OnlineShop.Libs.Data.csproj", "{136BC4F8-1CC5-44D0-82FE-9DD8BEA8BC58}"
EndProject
Project("{FAE04EC0-301F-11D3-BF4B-00C04F79EFBC}") = "OnlineShop.Libs.Data.Tests", "Tests\LibsTests\OnlineShop.Libs.Data.Tests\OnlineShop.Libs.Data.Tests.csproj", "{5D931196-2CC0-42B6-9588-6F9D475B2F19}"
EndProject
Project("{2150E333-8FDC-42A3-9474-1A3956D46DE8}") = "Configuration", "Configuration", "{4AF99F02-3F6B-4BA3-A2FA-2562705ADBE6}"
EndProject
Project("{FAE04EC0-301F-11D3-BF4B-00C04F79EFBC}") = "OnlineShop.ConfigurationProviders", "Configuration\OnlineShop.ConfigurationProviders\OnlineShop.ConfigurationProviders.csproj", "{6792F177-F385-4815-BB0A-78D9EA860E39}"
EndProject
Project("{FAE04EC0-301F-11D3-BF4B-00C04F79EFBC}") = "OnlineShop.Libs.Services.Tests", "Tests\LibsTests\OnlineShop.Libs.Services.Tests\OnlineShop.Libs.Services.Tests.csproj", "{141B8AD5-221F-4C4F-9D49-F168FD4DBDE2}"
EndProject
Project("{FAE04EC0-301F-11D3-BF4B-00C04F79EFBC}") = "OnlineShop.Libs.Services", "Libs\OnlineShop.Libs.Services\OnlineShop.Libs.Services.csproj", "{6712E170-5DAC-45EE-8963-91C5F4C7003B}"
EndProject
Project("{FAE04EC0-301F-11D3-BF4B-00C04F79EFBC}") = "OnlineShop.Configuration.Common", "Configuration\OnlineShop.Configuration.Common\OnlineShop.Configuration.Common.csproj", "{2FAE6574-3040-42ED-BD5C-E5EAB0E87668}"
EndProject
Project("{FAE04EC0-301F-11D3-BF4B-00C04F79EFBC}") = "OnlineShop.Configuration.NinjectConfigs", "Configuration\OnlineShop.Configuration.NinjectConfigs\OnlineShop.Configuration.NinjectConfigs.csproj", "{017B564B-739D-4465-A410-DE3835FB7439}"
EndProject
Project("{FAE04EC0-301F-11D3-BF4B-00C04F79EFBC}") = "OnlineShop.Clients.Common", "Clients\OnlineShop.Clients.Common\OnlineShop.Clients.Common.csproj", "{0EAA3079-DB05-4E0E-BA36-7D8FED788A78}"
EndProject
Project("{FAE04EC0-301F-11D3-BF4B-00C04F79EFBC}") = "OnlineShop.Clients.MVC", "Clients\OnlineShop.Clients.MVC\OnlineShop.Clients.MVC.csproj", "{DF6578EA-EE2A-4783-903C-F85FDF9DA451}"
EndProject
Project("{FAE04EC0-301F-11D3-BF4B-00C04F79EFBC}") = "OnlineShop.Libs.DtoModels", "Libs\OnlineShop.Libs.DtoModels\OnlineShop.Libs.DtoModels.csproj", "{B5B5FC00-D166-4132-BF1E-1BDFCCB950CB}"
EndProject
Project("{2150E333-8FDC-42A3-9474-1A3956D46DE8}") = "ClientsTests", "ClientsTests", "{90AD53C1-37FD-4E67-A760-D0CEA26285B2}"
EndProject
Project("{FAE04EC0-301F-11D3-BF4B-00C04F79EFBC}") = "OnlineShop.Clients.MVC.Tests", "Tests\ClientTests\OnlineShop.Clients.MVC.Tests\OnlineShop.Clients.MVC.Tests.csproj", "{E82F8782-44F4-4E34-A557-43551EDFBFB5}"
EndProject
Project("{2150E333-8FDC-42A3-9474-1A3956D46DE8}") = "ConfigurationTests", "ConfigurationTests", "{77670BF8-C63B-4535-BB7B-C19E3228E5F0}"
EndProject
Project("{FAE04EC0-301F-11D3-BF4B-00C04F79EFBC}") = "OnlineShop.ConfigurationProviders.Tests", "Tests\ConfigurationTests\OnlineShop.ConfigurationProviders.Tests\OnlineShop.ConfigurationProviders.Tests.csproj", "{79A2F1E3-A40C-4C5B-8F20-A1AB9EBAA3A7}"
EndProject
Global
	GlobalSection(SolutionConfigurationPlatforms) = preSolution
		Debug|Any CPU = Debug|Any CPU
		Release|Any CPU = Release|Any CPU
	EndGlobalSection
	GlobalSection(ProjectConfigurationPlatforms) = postSolution
		{E1AC735E-D1E5-4A24-97B5-C8D0493076AF}.Debug|Any CPU.ActiveCfg = Debug|Any CPU
		{E1AC735E-D1E5-4A24-97B5-C8D0493076AF}.Debug|Any CPU.Build.0 = Debug|Any CPU
		{E1AC735E-D1E5-4A24-97B5-C8D0493076AF}.Release|Any CPU.ActiveCfg = Release|Any CPU
		{E1AC735E-D1E5-4A24-97B5-C8D0493076AF}.Release|Any CPU.Build.0 = Release|Any CPU
		{CF378660-BD2F-4693-8888-F817ECDB27E8}.Debug|Any CPU.ActiveCfg = Debug|Any CPU
		{CF378660-BD2F-4693-8888-F817ECDB27E8}.Debug|Any CPU.Build.0 = Debug|Any CPU
		{CF378660-BD2F-4693-8888-F817ECDB27E8}.Release|Any CPU.ActiveCfg = Release|Any CPU
		{CF378660-BD2F-4693-8888-F817ECDB27E8}.Release|Any CPU.Build.0 = Release|Any CPU
		{136BC4F8-1CC5-44D0-82FE-9DD8BEA8BC58}.Debug|Any CPU.ActiveCfg = Debug|Any CPU
		{136BC4F8-1CC5-44D0-82FE-9DD8BEA8BC58}.Debug|Any CPU.Build.0 = Debug|Any CPU
		{136BC4F8-1CC5-44D0-82FE-9DD8BEA8BC58}.Release|Any CPU.ActiveCfg = Release|Any CPU
		{136BC4F8-1CC5-44D0-82FE-9DD8BEA8BC58}.Release|Any CPU.Build.0 = Release|Any CPU
		{5D931196-2CC0-42B6-9588-6F9D475B2F19}.Debug|Any CPU.ActiveCfg = Debug|Any CPU
		{5D931196-2CC0-42B6-9588-6F9D475B2F19}.Debug|Any CPU.Build.0 = Debug|Any CPU
		{5D931196-2CC0-42B6-9588-6F9D475B2F19}.Release|Any CPU.ActiveCfg = Release|Any CPU
		{5D931196-2CC0-42B6-9588-6F9D475B2F19}.Release|Any CPU.Build.0 = Release|Any CPU
		{6792F177-F385-4815-BB0A-78D9EA860E39}.Debug|Any CPU.ActiveCfg = Debug|Any CPU
		{6792F177-F385-4815-BB0A-78D9EA860E39}.Debug|Any CPU.Build.0 = Debug|Any CPU
		{6792F177-F385-4815-BB0A-78D9EA860E39}.Release|Any CPU.ActiveCfg = Release|Any CPU
		{6792F177-F385-4815-BB0A-78D9EA860E39}.Release|Any CPU.Build.0 = Release|Any CPU
		{141B8AD5-221F-4C4F-9D49-F168FD4DBDE2}.Debug|Any CPU.ActiveCfg = Debug|Any CPU
		{141B8AD5-221F-4C4F-9D49-F168FD4DBDE2}.Debug|Any CPU.Build.0 = Debug|Any CPU
		{141B8AD5-221F-4C4F-9D49-F168FD4DBDE2}.Release|Any CPU.ActiveCfg = Release|Any CPU
		{141B8AD5-221F-4C4F-9D49-F168FD4DBDE2}.Release|Any CPU.Build.0 = Release|Any CPU
		{6712E170-5DAC-45EE-8963-91C5F4C7003B}.Debug|Any CPU.ActiveCfg = Debug|Any CPU
		{6712E170-5DAC-45EE-8963-91C5F4C7003B}.Debug|Any CPU.Build.0 = Debug|Any CPU
		{6712E170-5DAC-45EE-8963-91C5F4C7003B}.Release|Any CPU.ActiveCfg = Release|Any CPU
		{6712E170-5DAC-45EE-8963-91C5F4C7003B}.Release|Any CPU.Build.0 = Release|Any CPU
		{2FAE6574-3040-42ED-BD5C-E5EAB0E87668}.Debug|Any CPU.ActiveCfg = Debug|Any CPU
		{2FAE6574-3040-42ED-BD5C-E5EAB0E87668}.Debug|Any CPU.Build.0 = Debug|Any CPU
		{2FAE6574-3040-42ED-BD5C-E5EAB0E87668}.Release|Any CPU.ActiveCfg = Release|Any CPU
		{2FAE6574-3040-42ED-BD5C-E5EAB0E87668}.Release|Any CPU.Build.0 = Release|Any CPU
		{017B564B-739D-4465-A410-DE3835FB7439}.Debug|Any CPU.ActiveCfg = Debug|Any CPU
		{017B564B-739D-4465-A410-DE3835FB7439}.Debug|Any CPU.Build.0 = Debug|Any CPU
		{017B564B-739D-4465-A410-DE3835FB7439}.Release|Any CPU.ActiveCfg = Release|Any CPU
		{017B564B-739D-4465-A410-DE3835FB7439}.Release|Any CPU.Build.0 = Release|Any CPU
		{0EAA3079-DB05-4E0E-BA36-7D8FED788A78}.Debug|Any CPU.ActiveCfg = Debug|Any CPU
		{0EAA3079-DB05-4E0E-BA36-7D8FED788A78}.Debug|Any CPU.Build.0 = Debug|Any CPU
		{0EAA3079-DB05-4E0E-BA36-7D8FED788A78}.Release|Any CPU.ActiveCfg = Release|Any CPU
		{0EAA3079-DB05-4E0E-BA36-7D8FED788A78}.Release|Any CPU.Build.0 = Release|Any CPU
		{DF6578EA-EE2A-4783-903C-F85FDF9DA451}.Debug|Any CPU.ActiveCfg = Debug|Any CPU
		{DF6578EA-EE2A-4783-903C-F85FDF9DA451}.Debug|Any CPU.Build.0 = Debug|Any CPU
		{DF6578EA-EE2A-4783-903C-F85FDF9DA451}.Release|Any CPU.ActiveCfg = Release|Any CPU
		{DF6578EA-EE2A-4783-903C-F85FDF9DA451}.Release|Any CPU.Build.0 = Release|Any CPU
		{B5B5FC00-D166-4132-BF1E-1BDFCCB950CB}.Debug|Any CPU.ActiveCfg = Debug|Any CPU
		{B5B5FC00-D166-4132-BF1E-1BDFCCB950CB}.Debug|Any CPU.Build.0 = Debug|Any CPU
		{B5B5FC00-D166-4132-BF1E-1BDFCCB950CB}.Release|Any CPU.ActiveCfg = Release|Any CPU
		{B5B5FC00-D166-4132-BF1E-1BDFCCB950CB}.Release|Any CPU.Build.0 = Release|Any CPU
		{E82F8782-44F4-4E34-A557-43551EDFBFB5}.Debug|Any CPU.ActiveCfg = Debug|Any CPU
		{E82F8782-44F4-4E34-A557-43551EDFBFB5}.Debug|Any CPU.Build.0 = Debug|Any CPU
		{E82F8782-44F4-4E34-A557-43551EDFBFB5}.Release|Any CPU.ActiveCfg = Release|Any CPU
		{E82F8782-44F4-4E34-A557-43551EDFBFB5}.Release|Any CPU.Build.0 = Release|Any CPU
		{79A2F1E3-A40C-4C5B-8F20-A1AB9EBAA3A7}.Debug|Any CPU.ActiveCfg = Debug|Any CPU
		{79A2F1E3-A40C-4C5B-8F20-A1AB9EBAA3A7}.Debug|Any CPU.Build.0 = Debug|Any CPU
		{79A2F1E3-A40C-4C5B-8F20-A1AB9EBAA3A7}.Release|Any CPU.ActiveCfg = Release|Any CPU
		{79A2F1E3-A40C-4C5B-8F20-A1AB9EBAA3A7}.Release|Any CPU.Build.0 = Release|Any CPU
	EndGlobalSection
	GlobalSection(SolutionProperties) = preSolution
		HideSolutionNode = FALSE
	EndGlobalSection
	GlobalSection(NestedProjects) = preSolution
		{09A90ECA-CBBD-488C-B96B-170FA67DBD7F} = {5E3A9691-B510-408B-84E8-F1A577B594CF}
		{E1AC735E-D1E5-4A24-97B5-C8D0493076AF} = {05DEB5C8-F660-4EF4-A86B-6C8D53425870}
		{CF378660-BD2F-4693-8888-F817ECDB27E8} = {EDF49E0B-ED77-4342-80DA-F0738BE3A0D9}
		{136BC4F8-1CC5-44D0-82FE-9DD8BEA8BC58} = {05DEB5C8-F660-4EF4-A86B-6C8D53425870}
		{5D931196-2CC0-42B6-9588-6F9D475B2F19} = {09A90ECA-CBBD-488C-B96B-170FA67DBD7F}
		{6792F177-F385-4815-BB0A-78D9EA860E39} = {4AF99F02-3F6B-4BA3-A2FA-2562705ADBE6}
		{141B8AD5-221F-4C4F-9D49-F168FD4DBDE2} = {09A90ECA-CBBD-488C-B96B-170FA67DBD7F}
		{6712E170-5DAC-45EE-8963-91C5F4C7003B} = {05DEB5C8-F660-4EF4-A86B-6C8D53425870}
		{2FAE6574-3040-42ED-BD5C-E5EAB0E87668} = {4AF99F02-3F6B-4BA3-A2FA-2562705ADBE6}
		{017B564B-739D-4465-A410-DE3835FB7439} = {4AF99F02-3F6B-4BA3-A2FA-2562705ADBE6}
		{0EAA3079-DB05-4E0E-BA36-7D8FED788A78} = {1885AE97-D251-4EB6-B517-09961164C154}
		{DF6578EA-EE2A-4783-903C-F85FDF9DA451} = {1885AE97-D251-4EB6-B517-09961164C154}
		{B5B5FC00-D166-4132-BF1E-1BDFCCB950CB} = {05DEB5C8-F660-4EF4-A86B-6C8D53425870}
		{90AD53C1-37FD-4E67-A760-D0CEA26285B2} = {5E3A9691-B510-408B-84E8-F1A577B594CF}
		{E82F8782-44F4-4E34-A557-43551EDFBFB5} = {90AD53C1-37FD-4E67-A760-D0CEA26285B2}
		{77670BF8-C63B-4535-BB7B-C19E3228E5F0} = {5E3A9691-B510-408B-84E8-F1A577B594CF}
		{79A2F1E3-A40C-4C5B-8F20-A1AB9EBAA3A7} = {77670BF8-C63B-4535-BB7B-C19E3228E5F0}
	EndGlobalSection
EndGlobal
